
Microsoft Visual Studio Solution File, Format Version 12.00
# Visual Studio Version 16
VisualStudioVersion = 16.0.30523.141
MinimumVisualStudioVersion = 10.0.40219.1
Project("{8BC9CEB8-8B4A-11D0-8D11-00A0C91BC942}") = "1.Window", "1.Window\1.Window.vcxproj", "{71975AA9-8D68-4938-87EF-E8505F74F868}"
EndProject
Project("{8BC9CEB8-8B4A-11D0-8D11-00A0C91BC942}") = "2.Device", "2.Device\2.Device.vcxproj", "{492E61EE-663F-400A-91D9-2083C511119C}"
EndProject
Project("{8BC9CEB8-8B4A-11D0-8D11-00A0C91BC942}") = "3.Triangle", "3.Triangle\3.Triangle.vcxproj", "{F466C847-21FB-4D43-9842-35DCDEEEC809}"
EndProject
Project("{8BC9CEB8-8B4A-11D0-8D11-00A0C91BC942}") = "4.Matrices", "4.Matrices\4.Matrices.vcxproj", "{DD59AB6A-B364-460A-8131-AB9E84D36169}"
EndProject
Project("{8BC9CEB8-8B4A-11D0-8D11-00A0C91BC942}") = "5.Textures", "5.Textures\5.Textures.vcxproj", "{70CC275D-90BE-4E9E-8391-97460FF99135}"
EndProject
Project("{8BC9CEB8-8B4A-11D0-8D11-00A0C91BC942}") = "6.Depth", "6.Depth\6.Depth.vcxproj", "{78917669-2773-4D40-A5A2-97AA12C18039}"
EndProject
Project("{8BC9CEB8-8B4A-11D0-8D11-00A0C91BC942}") = "7.Lighting", "7.Lighting\7.Lighting.vcxproj", "{C487BFD2-D149-4421-AB54-6CE1764BC5E7}"
EndProject
Project("{2150E333-8FDC-42A3-9474-1A3956D46DE8}") = "Common", "Common", "{33E52F6F-6CFE-4DCC-B85B-F3F7E8440792}"
EndProject
Project("{8BC9CEB8-8B4A-11D0-8D11-00A0C91BC942}") = "imgui", "Common\imgui\imgui.vcxproj", "{DC218CB9-C03B-4295-BDD6-3F833C933599}"
EndProject
Project("{8BC9CEB8-8B4A-11D0-8D11-00A0C91BC942}") = "8.Instancing", "8.Instancing\8.Instancing.vcxproj", "{E57670ED-C535-4706-9BF3-9AEF7532F350}"
EndProject
Project("{8BC9CEB8-8B4A-11D0-8D11-00A0C91BC942}") = "9.RenderTargets", "9.RenderTargets\9.RenderTargets.vcxproj", "{0681FCF8-4063-46CB-AEA4-ED5FDEFE4A96}"
EndProject
Project("{8BC9CEB8-8B4A-11D0-8D11-00A0C91BC942}") = "10.Compute", "10.Compute\10.Compute.vcxproj", "{E661D2BF-4E7B-48F3-9BA5-92252F2D388F}"
EndProject
Global
	GlobalSection(SolutionConfigurationPlatforms) = preSolution
		Debug|x64 = Debug|x64
		Debug|x86 = Debug|x86
		Profile|x64 = Profile|x64
		Profile|x86 = Profile|x86
		Release|x64 = Release|x64
		Release|x86 = Release|x86
		Ship|x64 = Ship|x64
		Ship|x86 = Ship|x86
	EndGlobalSection
	GlobalSection(ProjectConfigurationPlatforms) = postSolution
		{71975AA9-8D68-4938-87EF-E8505F74F868}.Debug|x64.ActiveCfg = Debug|x64
		{71975AA9-8D68-4938-87EF-E8505F74F868}.Debug|x64.Build.0 = Debug|x64
		{71975AA9-8D68-4938-87EF-E8505F74F868}.Debug|x86.ActiveCfg = Debug|x64
		{71975AA9-8D68-4938-87EF-E8505F74F868}.Profile|x64.ActiveCfg = Release|x64
		{71975AA9-8D68-4938-87EF-E8505F74F868}.Profile|x64.Build.0 = Release|x64
		{71975AA9-8D68-4938-87EF-E8505F74F868}.Profile|x86.ActiveCfg = Release|x64
		{71975AA9-8D68-4938-87EF-E8505F74F868}.Profile|x86.Build.0 = Release|x64
		{71975AA9-8D68-4938-87EF-E8505F74F868}.Release|x64.ActiveCfg = Release|x64
		{71975AA9-8D68-4938-87EF-E8505F74F868}.Release|x64.Build.0 = Release|x64
		{71975AA9-8D68-4938-87EF-E8505F74F868}.Release|x86.ActiveCfg = Release|x64
		{71975AA9-8D68-4938-87EF-E8505F74F868}.Ship|x64.ActiveCfg = Release|x64
		{71975AA9-8D68-4938-87EF-E8505F74F868}.Ship|x64.Build.0 = Release|x64
		{71975AA9-8D68-4938-87EF-E8505F74F868}.Ship|x86.ActiveCfg = Release|x64
		{71975AA9-8D68-4938-87EF-E8505F74F868}.Ship|x86.Build.0 = Release|x64
		{492E61EE-663F-400A-91D9-2083C511119C}.Debug|x64.ActiveCfg = Debug|x64
		{492E61EE-663F-400A-91D9-2083C511119C}.Debug|x64.Build.0 = Debug|x64
		{492E61EE-663F-400A-91D9-2083C511119C}.Debug|x86.ActiveCfg = Debug|x64
		{492E61EE-663F-400A-91D9-2083C511119C}.Profile|x64.ActiveCfg = Release|x64
		{492E61EE-663F-400A-91D9-2083C511119C}.Profile|x64.Build.0 = Release|x64
		{492E61EE-663F-400A-91D9-2083C511119C}.Profile|x86.ActiveCfg = Release|x64
		{492E61EE-663F-400A-91D9-2083C511119C}.Profile|x86.Build.0 = Release|x64
		{492E61EE-663F-400A-91D9-2083C511119C}.Release|x64.ActiveCfg = Release|x64
		{492E61EE-663F-400A-91D9-2083C511119C}.Release|x64.Build.0 = Release|x64
		{492E61EE-663F-400A-91D9-2083C511119C}.Release|x86.ActiveCfg = Release|x64
		{492E61EE-663F-400A-91D9-2083C511119C}.Ship|x64.ActiveCfg = Release|x64
		{492E61EE-663F-400A-91D9-2083C511119C}.Ship|x64.Build.0 = Release|x64
		{492E61EE-663F-400A-91D9-2083C511119C}.Ship|x86.ActiveCfg = Release|x64
		{492E61EE-663F-400A-91D9-2083C511119C}.Ship|x86.Build.0 = Release|x64
		{F466C847-21FB-4D43-9842-35DCDEEEC809}.Debug|x64.ActiveCfg = Debug|x64
		{F466C847-21FB-4D43-9842-35DCDEEEC809}.Debug|x64.Build.0 = Debug|x64
		{F466C847-21FB-4D43-9842-35DCDEEEC809}.Debug|x86.ActiveCfg = Debug|x64
		{F466C847-21FB-4D43-9842-35DCDEEEC809}.Profile|x64.ActiveCfg = Release|x64
		{F466C847-21FB-4D43-9842-35DCDEEEC809}.Profile|x64.Build.0 = Release|x64
		{F466C847-21FB-4D43-9842-35DCDEEEC809}.Profile|x86.ActiveCfg = Release|x64
		{F466C847-21FB-4D43-9842-35DCDEEEC809}.Profile|x86.Build.0 = Release|x64
		{F466C847-21FB-4D43-9842-35DCDEEEC809}.Release|x64.ActiveCfg = Release|x64
		{F466C847-21FB-4D43-9842-35DCDEEEC809}.Release|x64.Build.0 = Release|x64
		{F466C847-21FB-4D43-9842-35DCDEEEC809}.Release|x86.ActiveCfg = Release|x64
		{F466C847-21FB-4D43-9842-35DCDEEEC809}.Ship|x64.ActiveCfg = Release|x64
		{F466C847-21FB-4D43-9842-35DCDEEEC809}.Ship|x64.Build.0 = Release|x64
		{F466C847-21FB-4D43-9842-35DCDEEEC809}.Ship|x86.ActiveCfg = Release|x64
		{F466C847-21FB-4D43-9842-35DCDEEEC809}.Ship|x86.Build.0 = Release|x64
		{DD59AB6A-B364-460A-8131-AB9E84D36169}.Debug|x64.ActiveCfg = Debug|x64
		{DD59AB6A-B364-460A-8131-AB9E84D36169}.Debug|x64.Build.0 = Debug|x64
		{DD59AB6A-B364-460A-8131-AB9E84D36169}.Debug|x86.ActiveCfg = Debug|x64
		{DD59AB6A-B364-460A-8131-AB9E84D36169}.Profile|x64.ActiveCfg = Release|x64
		{DD59AB6A-B364-460A-8131-AB9E84D36169}.Profile|x64.Build.0 = Release|x64
		{DD59AB6A-B364-460A-8131-AB9E84D36169}.Profile|x86.ActiveCfg = Release|x64
		{DD59AB6A-B364-460A-8131-AB9E84D36169}.Profile|x86.Build.0 = Release|x64
		{DD59AB6A-B364-460A-8131-AB9E84D36169}.Release|x64.ActiveCfg = Release|x64
		{DD59AB6A-B364-460A-8131-AB9E84D36169}.Release|x64.Build.0 = Release|x64
		{DD59AB6A-B364-460A-8131-AB9E84D36169}.Release|x86.ActiveCfg = Release|x64
		{DD59AB6A-B364-460A-8131-AB9E84D36169}.Ship|x64.ActiveCfg = Release|x64
		{DD59AB6A-B364-460A-8131-AB9E84D36169}.Ship|x64.Build.0 = Release|x64
		{DD59AB6A-B364-460A-8131-AB9E84D36169}.Ship|x86.ActiveCfg = Release|x64
		{DD59AB6A-B364-460A-8131-AB9E84D36169}.Ship|x86.Build.0 = Release|x64
		{70CC275D-90BE-4E9E-8391-97460FF99135}.Debug|x64.ActiveCfg = Debug|x64
		{70CC275D-90BE-4E9E-8391-97460FF99135}.Debug|x64.Build.0 = Debug|x64
		{70CC275D-90BE-4E9E-8391-97460FF99135}.Debug|x86.ActiveCfg = Debug|x64
		{70CC275D-90BE-4E9E-8391-97460FF99135}.Profile|x64.ActiveCfg = Release|x64
		{70CC275D-90BE-4E9E-8391-97460FF99135}.Profile|x64.Build.0 = Release|x64
		{70CC275D-90BE-4E9E-8391-97460FF99135}.Profile|x86.ActiveCfg = Release|x64
		{70CC275D-90BE-4E9E-8391-97460FF99135}.Profile|x86.Build.0 = Release|x64
		{70CC275D-90BE-4E9E-8391-97460FF99135}.Release|x64.ActiveCfg = Release|x64
		{70CC275D-90BE-4E9E-8391-97460FF99135}.Release|x64.Build.0 = Release|x64
		{70CC275D-90BE-4E9E-8391-97460FF99135}.Release|x86.ActiveCfg = Release|x64
		{70CC275D-90BE-4E9E-8391-97460FF99135}.Ship|x64.ActiveCfg = Release|x64
		{70CC275D-90BE-4E9E-8391-97460FF99135}.Ship|x64.Build.0 = Release|x64
		{70CC275D-90BE-4E9E-8391-97460FF99135}.Ship|x86.ActiveCfg = Release|x64
		{70CC275D-90BE-4E9E-8391-97460FF99135}.Ship|x86.Build.0 = Release|x64
		{78917669-2773-4D40-A5A2-97AA12C18039}.Debug|x64.ActiveCfg = Debug|x64
		{78917669-2773-4D40-A5A2-97AA12C18039}.Debug|x64.Build.0 = Debug|x64
		{78917669-2773-4D40-A5A2-97AA12C18039}.Debug|x86.ActiveCfg = Debug|x64
		{78917669-2773-4D40-A5A2-97AA12C18039}.Profile|x64.ActiveCfg = Release|x64
		{78917669-2773-4D40-A5A2-97AA12C18039}.Profile|x64.Build.0 = Release|x64
		{78917669-2773-4D40-A5A2-97AA12C18039}.Profile|x86.ActiveCfg = Release|x64
		{78917669-2773-4D40-A5A2-97AA12C18039}.Profile|x86.Build.0 = Release|x64
		{78917669-2773-4D40-A5A2-97AA12C18039}.Release|x64.ActiveCfg = Release|x64
		{78917669-2773-4D40-A5A2-97AA12C18039}.Release|x64.Build.0 = Release|x64
		{78917669-2773-4D40-A5A2-97AA12C18039}.Release|x86.ActiveCfg = Release|x64
		{78917669-2773-4D40-A5A2-97AA12C18039}.Ship|x64.ActiveCfg = Release|x64
		{78917669-2773-4D40-A5A2-97AA12C18039}.Ship|x64.Build.0 = Release|x64
		{78917669-2773-4D40-A5A2-97AA12C18039}.Ship|x86.ActiveCfg = Release|x64
		{78917669-2773-4D40-A5A2-97AA12C18039}.Ship|x86.Build.0 = Release|x64
		{C487BFD2-D149-4421-AB54-6CE1764BC5E7}.Debug|x64.ActiveCfg = Debug|x64
		{C487BFD2-D149-4421-AB54-6CE1764BC5E7}.Debug|x64.Build.0 = Debug|x64
		{C487BFD2-D149-4421-AB54-6CE1764BC5E7}.Debug|x86.ActiveCfg = Debug|x64
		{C487BFD2-D149-4421-AB54-6CE1764BC5E7}.Profile|x64.ActiveCfg = Debug|x64
		{C487BFD2-D149-4421-AB54-6CE1764BC5E7}.Profile|x64.Build.0 = Debug|x64
		{C487BFD2-D149-4421-AB54-6CE1764BC5E7}.Profile|x86.ActiveCfg = Release|x64
		{C487BFD2-D149-4421-AB54-6CE1764BC5E7}.Profile|x86.Build.0 = Release|x64
		{C487BFD2-D149-4421-AB54-6CE1764BC5E7}.Release|x64.ActiveCfg = Release|x64
		{C487BFD2-D149-4421-AB54-6CE1764BC5E7}.Release|x64.Build.0 = Release|x64
		{C487BFD2-D149-4421-AB54-6CE1764BC5E7}.Release|x86.ActiveCfg = Release|x64
		{C487BFD2-D149-4421-AB54-6CE1764BC5E7}.Ship|x64.ActiveCfg = Debug|x64
		{C487BFD2-D149-4421-AB54-6CE1764BC5E7}.Ship|x64.Build.0 = Debug|x64
		{C487BFD2-D149-4421-AB54-6CE1764BC5E7}.Ship|x86.ActiveCfg = Release|x64
		{C487BFD2-D149-4421-AB54-6CE1764BC5E7}.Ship|x86.Build.0 = Release|x64
		{DC218CB9-C03B-4295-BDD6-3F833C933599}.Debug|x64.ActiveCfg = Debug|x64
		{DC218CB9-C03B-4295-BDD6-3F833C933599}.Debug|x64.Build.0 = Debug|x64
		{DC218CB9-C03B-4295-BDD6-3F833C933599}.Debug|x86.ActiveCfg = Debug|Win32
		{DC218CB9-C03B-4295-BDD6-3F833C933599}.Debug|x86.Build.0 = Debug|Win32
		{DC218CB9-C03B-4295-BDD6-3F833C933599}.Profile|x64.ActiveCfg = Debug|x64
		{DC218CB9-C03B-4295-BDD6-3F833C933599}.Profile|x64.Build.0 = Debug|x64
		{DC218CB9-C03B-4295-BDD6-3F833C933599}.Profile|x86.ActiveCfg = Debug|Win32
		{DC218CB9-C03B-4295-BDD6-3F833C933599}.Profile|x86.Build.0 = Debug|Win32
		{DC218CB9-C03B-4295-BDD6-3F833C933599}.Release|x64.ActiveCfg = Release|x64
		{DC218CB9-C03B-4295-BDD6-3F833C933599}.Release|x64.Build.0 = Release|x64
		{DC218CB9-C03B-4295-BDD6-3F833C933599}.Release|x86.ActiveCfg = Release|Win32
		{DC218CB9-C03B-4295-BDD6-3F833C933599}.Release|x86.Build.0 = Release|Win32
		{DC218CB9-C03B-4295-BDD6-3F833C933599}.Ship|x64.ActiveCfg = Debug|x64
		{DC218CB9-C03B-4295-BDD6-3F833C933599}.Ship|x64.Build.0 = Debug|x64
		{DC218CB9-C03B-4295-BDD6-3F833C933599}.Ship|x86.ActiveCfg = Debug|Win32
		{DC218CB9-C03B-4295-BDD6-3F833C933599}.Ship|x86.Build.0 = Debug|Win32
		{E57670ED-C535-4706-9BF3-9AEF7532F350}.Debug|x64.ActiveCfg = Debug|x64
		{E57670ED-C535-4706-9BF3-9AEF7532F350}.Debug|x64.Build.0 = Debug|x64
		{E57670ED-C535-4706-9BF3-9AEF7532F350}.Debug|x86.ActiveCfg = Debug|x64
		{E57670ED-C535-4706-9BF3-9AEF7532F350}.Profile|x64.ActiveCfg = Debug|x64
		{E57670ED-C535-4706-9BF3-9AEF7532F350}.Profile|x64.Build.0 = Debug|x64
		{E57670ED-C535-4706-9BF3-9AEF7532F350}.Profile|x86.ActiveCfg = Debug|x64
		{E57670ED-C535-4706-9BF3-9AEF7532F350}.Profile|x86.Build.0 = Debug|x64
		{E57670ED-C535-4706-9BF3-9AEF7532F350}.Release|x64.ActiveCfg = Release|x64
		{E57670ED-C535-4706-9BF3-9AEF7532F350}.Release|x64.Build.0 = Release|x64
		{E57670ED-C535-4706-9BF3-9AEF7532F350}.Release|x86.ActiveCfg = Release|x64
		{E57670ED-C535-4706-9BF3-9AEF7532F350}.Ship|x64.ActiveCfg = Debug|x64
		{E57670ED-C535-4706-9BF3-9AEF7532F350}.Ship|x64.Build.0 = Debug|x64
		{E57670ED-C535-4706-9BF3-9AEF7532F350}.Ship|x86.ActiveCfg = Debug|x64
		{E57670ED-C535-4706-9BF3-9AEF7532F350}.Ship|x86.Build.0 = Debug|x64
		{0681FCF8-4063-46CB-AEA4-ED5FDEFE4A96}.Debug|x64.ActiveCfg = Debug|x64
		{0681FCF8-4063-46CB-AEA4-ED5FDEFE4A96}.Debug|x64.Build.0 = Debug|x64
		{0681FCF8-4063-46CB-AEA4-ED5FDEFE4A96}.Debug|x86.ActiveCfg = Debug|x64
		{0681FCF8-4063-46CB-AEA4-ED5FDEFE4A96}.Profile|x64.ActiveCfg = Debug|x64
		{0681FCF8-4063-46CB-AEA4-ED5FDEFE4A96}.Profile|x64.Build.0 = Debug|x64
		{0681FCF8-4063-46CB-AEA4-ED5FDEFE4A96}.Profile|x86.ActiveCfg = Debug|x64
		{0681FCF8-4063-46CB-AEA4-ED5FDEFE4A96}.Profile|x86.Build.0 = Debug|x64
		{0681FCF8-4063-46CB-AEA4-ED5FDEFE4A96}.Release|x64.ActiveCfg = Release|x64
		{0681FCF8-4063-46CB-AEA4-ED5FDEFE4A96}.Release|x64.Build.0 = Release|x64
		{0681FCF8-4063-46CB-AEA4-ED5FDEFE4A96}.Release|x86.ActiveCfg = Release|x64
		{0681FCF8-4063-46CB-AEA4-ED5FDEFE4A96}.Ship|x64.ActiveCfg = Debug|x64
		{0681FCF8-4063-46CB-AEA4-ED5FDEFE4A96}.Ship|x64.Build.0 = Debug|x64
		{0681FCF8-4063-46CB-AEA4-ED5FDEFE4A96}.Ship|x86.ActiveCfg = Debug|x64
		{0681FCF8-4063-46CB-AEA4-ED5FDEFE4A96}.Ship|x86.Build.0 = Debug|x64
		{E661D2BF-4E7B-48F3-9BA5-92252F2D388F}.Debug|x64.ActiveCfg = Debug|x64
		{E661D2BF-4E7B-48F3-9BA5-92252F2D388F}.Debug|x64.Build.0 = Debug|x64
		{E661D2BF-4E7B-48F3-9BA5-92252F2D388F}.Debug|x86.ActiveCfg = Debug|x64
		{E661D2BF-4E7B-48F3-9BA5-92252F2D388F}.Profile|x64.ActiveCfg = Debug|x64
		{E661D2BF-4E7B-48F3-9BA5-92252F2D388F}.Profile|x64.Build.0 = Debug|x64
		{E661D2BF-4E7B-48F3-9BA5-92252F2D388F}.Profile|x86.ActiveCfg = Debug|x64
		{E661D2BF-4E7B-48F3-9BA5-92252F2D388F}.Profile|x86.Build.0 = Debug|x64
		{E661D2BF-4E7B-48F3-9BA5-92252F2D388F}.Release|x64.ActiveCfg = Release|x64
		{E661D2BF-4E7B-48F3-9BA5-92252F2D388F}.Release|x64.Build.0 = Release|x64
		{E661D2BF-4E7B-48F3-9BA5-92252F2D388F}.Release|x86.ActiveCfg = Release|x64
		{E661D2BF-4E7B-48F3-9BA5-92252F2D388F}.Ship|x64.ActiveCfg = Debug|x64
		{E661D2BF-4E7B-48F3-9BA5-92252F2D388F}.Ship|x64.Build.0 = Debug|x64
		{E661D2BF-4E7B-48F3-9BA5-92252F2D388F}.Ship|x86.ActiveCfg = Debug|x64
		{E661D2BF-4E7B-48F3-9BA5-92252F2D388F}.Ship|x86.Build.0 = Debug|x64
	EndGlobalSection
	GlobalSection(SolutionProperties) = preSolution
		HideSolutionNode = FALSE
	EndGlobalSection
	GlobalSection(NestedProjects) = preSolution
		{DC218CB9-C03B-4295-BDD6-3F833C933599} = {33E52F6F-6CFE-4DCC-B85B-F3F7E8440792}
	EndGlobalSection
	GlobalSection(ExtensibilityGlobals) = postSolution
		SolutionGuid = {2D72E760-19F4-4E1A-9B9D-A6E437988E0B}
	EndGlobalSection
EndGlobal
