
Microsoft Visual Studio Solution File, Format Version 12.00
# Visual Studio Version 16
VisualStudioVersion = 16.0.30523.141
MinimumVisualStudioVersion = 10.0.40219.1
Project("{8BC9CEB8-8B4A-11D0-8D11-00A0C91BC942}") = "1. Window", "1. Window\1. Window.vcxproj", "{71975AA9-8D68-4938-87EF-E8505F74F868}"
EndProject
Global
	GlobalSection(SolutionConfigurationPlatforms) = preSolution
		Debug|x64 = Debug|x64
		Release|x64 = Release|x64
	EndGlobalSection
	GlobalSection(ProjectConfigurationPlatforms) = postSolution
		{71975AA9-8D68-4938-87EF-E8505F74F868}.Debug|x64.ActiveCfg = Debug|x64
		{71975AA9-8D68-4938-87EF-E8505F74F868}.Debug|x64.Build.0 = Debug|x64
		{71975AA9-8D68-4938-87EF-E8505F74F868}.Release|x64.ActiveCfg = Release|x64
		{71975AA9-8D68-4938-87EF-E8505F74F868}.Release|x64.Build.0 = Release|x64
	EndGlobalSection
	GlobalSection(SolutionProperties) = preSolution
		HideSolutionNode = FALSE
	EndGlobalSection
	GlobalSection(ExtensibilityGlobals) = postSolution
		SolutionGuid = {2D72E760-19F4-4E1A-9B9D-A6E437988E0B}
	EndGlobalSection
EndGlobal
