<?xml version="1.0" encoding="utf-8"?>
<Project ToolsVersion="4.0" xmlns="http://schemas.microsoft.com/developer/msbuild/2003">
  <ItemGroup>
    <ClInclude Include="1.Window.h">
      <Filter>Header Files</Filter>
    </ClInclude>
    <ClInclude Include="framework.h">
      <Filter>Header Files</Filter>
    </ClInclude>
    <ClInclude Include="Resource.h">
      <Filter>Header Files</Filter>
    </ClInclude>
    <ClInclude Include="targetver.h">
      <Filter>Header Files</Filter>
    </ClInclude>
  </ItemGroup>
  <ItemGroup>
    <Image Include="1.Window.ico">
      <Filter>Resource FIles</Filter>
    </Image>
    <Image Include="small.ico">
      <Filter>Resource FIles</Filter>
    </Image>
  </ItemGroup>
  <ItemGroup>
    <Filter Include="Header Files">
      <UniqueIdentifier>{8e8982c2-548d-4010-a24f-75d50067a5c2}</UniqueIdentifier>
    </Filter>
    <Filter Include="Source Files">
      <UniqueIdentifier>{69a006f7-e934-476c-badd-1587020f15a4}</UniqueIdentifier>
    </Filter>
    <Filter Include="Resource FIles">
      <UniqueIdentifier>{6f3cd2b6-d8bf-4310-b659-4fd1ed0f9ab8}</UniqueIdentifier>
    </Filter>
  </ItemGroup>
  <ItemGroup>
    <ResourceCompile Include="1.Window.rc">
      <Filter>Resource FIles</Filter>
    </ResourceCompile>
  </ItemGroup>
  <ItemGroup>
    <ClCompile Include="1.Window.cpp">
      <Filter>Source Files</Filter>
    </ClCompile>
  </ItemGroup>
</Project>